
Microsoft Visual Studio Solution File, Format Version 12.00
# Visual Studio 2012
Project("{FAE04EC0-301F-11D3-BF4B-00C04F79EFBC}") = "ConsoleApplication9", "ConsoleApplication9\ConsoleApplication9.csproj", "{58A8D3B0-5C0F-4059-990A-7CBA5EB37426}"
EndProject
Global
	GlobalSection(SolutionConfigurationPlatforms) = preSolution
		Debug|Any CPU = Debug|Any CPU
		Release|Any CPU = Release|Any CPU
	EndGlobalSection
	GlobalSection(ProjectConfigurationPlatforms) = postSolution
		{58A8D3B0-5C0F-4059-990A-7CBA5EB37426}.Debug|Any CPU.ActiveCfg = Debug|Any CPU
		{58A8D3B0-5C0F-4059-990A-7CBA5EB37426}.Debug|Any CPU.Build.0 = Debug|Any CPU
		{58A8D3B0-5C0F-4059-990A-7CBA5EB37426}.Release|Any CPU.ActiveCfg = Release|Any CPU
		{58A8D3B0-5C0F-4059-990A-7CBA5EB37426}.Release|Any CPU.Build.0 = Release|Any CPU
	EndGlobalSection
	GlobalSection(SolutionProperties) = preSolution
		HideSolutionNode = FALSE
	EndGlobalSection
EndGlobal
